
Microsoft Visual Studio Solution File, Format Version 12.00
# Visual Studio Version 17
VisualStudioVersion = 17.11.35327.3
MinimumVisualStudioVersion = 10.0.40219.1
Project("{FAE04EC0-301F-11D3-BF4B-00C04F79EFBC}") = "LoadDWHSales.Data", "LoadDWHSales.Data\LoadDWHSales.Data.csproj", "{178E9B7C-0B5A-4771-A314-234D27857227}"
EndProject
Project("{FAE04EC0-301F-11D3-BF4B-00C04F79EFBC}") = "LoadDWHSales.WorkerService", "LoadDWHSales.WorkerService\LoadDWHSales.WorkerService.csproj", "{6FE9C2C3-2D90-4C9C-ACEC-87A7594F1D62}"
EndProject
Global
	GlobalSection(SolutionConfigurationPlatforms) = preSolution
		Debug|Any CPU = Debug|Any CPU
		Release|Any CPU = Release|Any CPU
	EndGlobalSection
	GlobalSection(ProjectConfigurationPlatforms) = postSolution
		{178E9B7C-0B5A-4771-A314-234D27857227}.Debug|Any CPU.ActiveCfg = Debug|Any CPU
		{178E9B7C-0B5A-4771-A314-234D27857227}.Debug|Any CPU.Build.0 = Debug|Any CPU
		{178E9B7C-0B5A-4771-A314-234D27857227}.Release|Any CPU.ActiveCfg = Release|Any CPU
		{178E9B7C-0B5A-4771-A314-234D27857227}.Release|Any CPU.Build.0 = Release|Any CPU
		{6FE9C2C3-2D90-4C9C-ACEC-87A7594F1D62}.Debug|Any CPU.ActiveCfg = Debug|Any CPU
		{6FE9C2C3-2D90-4C9C-ACEC-87A7594F1D62}.Debug|Any CPU.Build.0 = Debug|Any CPU
		{6FE9C2C3-2D90-4C9C-ACEC-87A7594F1D62}.Release|Any CPU.ActiveCfg = Release|Any CPU
		{6FE9C2C3-2D90-4C9C-ACEC-87A7594F1D62}.Release|Any CPU.Build.0 = Release|Any CPU
	EndGlobalSection
	GlobalSection(SolutionProperties) = preSolution
		HideSolutionNode = FALSE
	EndGlobalSection
	GlobalSection(ExtensibilityGlobals) = postSolution
		SolutionGuid = {EC127C83-FED1-4CEB-AB99-5793944D94F1}
	EndGlobalSection
EndGlobal
